# This file was autogenerated by Stack.
# You should not edit this file by hand.
# For more information, please see the documentation at:
#   https://docs.haskellstack.org/en/stable/lock_files

packages:
- completed:
    cabal-file:
      size: 6114
      sha256: 5ada7c48f30f791583652b379b16a10d22c9dcd34fb53414bf74cb820aa7f691
    name: stackage-curator
    version: 0.17.1.0
    git: https://github.com/fpco/stackage-curator.git
    pantry-tree:
      size: 2742
      sha256: a0178df6c2b6b1f296341dc4cf3a6a3dc43e390e1dfdd387a2362e094fbf4cc6
    commit: a9bf9ef02976f7d29ff0d977d9e0c19bba22d2cd
  original:
    git: https://github.com/fpco/stackage-curator.git
    commit: a9bf9ef02976f7d29ff0d977d9e0c19bba22d2cd
- completed:
    subdir: gitlib
    cabal-file:
      size: 2935
      sha256: 574ea9e8fa20d2a0121293e51c8522866923400fcc62c54b4e9ab238d46eae30
    name: gitlib
    version: 3.1.2
    git: https://github.com/jwiegley/gitlib.git
    pantry-tree:
      size: 1137
      sha256: ac59dfc204c72da973774552529279803adeb66bab950efef17303ab3f96fa78
    commit: 6520ffcfdc33a0f53fdeeb01c9ef2d55f8d367fb
  original:
    subdir: gitlib
    git: https://github.com/jwiegley/gitlib.git
    commit: 6520ffcfdc33a0f53fdeeb01c9ef2d55f8d367fb
- completed:
    subdir: gitlib-libgit2
    cabal-file:
      size: 2354
      sha256: 36bc92f117158440ca69e32051aabdf9df75be8a3fb5f45dff8828898e615a0a
    name: gitlib-libgit2
    version: 3.1.2.1
    git: https://github.com/jwiegley/gitlib.git
    pantry-tree:
      size: 615
      sha256: 55d286120eb6861fb1cf41f88fe4c64f1a22f31dee61b293fbc65ab271ddb439
    commit: 6520ffcfdc33a0f53fdeeb01c9ef2d55f8d367fb
  original:
    subdir: gitlib-libgit2
    git: https://github.com/jwiegley/gitlib.git
    commit: 6520ffcfdc33a0f53fdeeb01c9ef2d55f8d367fb
- completed:
    subdir: amazonka
    cabal-file:
      size: 3420
      sha256: fe5d9d604135b54c0fed2e695c089586f8b66409a43f038db7ed08adaa2f7484
    name: amazonka
    version: 1.6.1
    git: https://github.com/brendanhay/amazonka.git
    pantry-tree:
      size: 1038
      sha256: 2e8463885d5b4055d914b455f215288773ed5ef508b5c6baf76ca3c49faffed6
    commit: 4e25f15227e556ad9e6ab99eeee6444152125a24
  original:
    subdir: amazonka
    git: https://github.com/brendanhay/amazonka.git
    commit: 4e25f15227e556ad9e6ab99eeee6444152125a24
- completed:
    subdir: amazonka-s3
    cabal-file:
      size: 6317
      sha256: 9d07240fca59ad5197fb614ce3051e701e4951e6d4625a2dab4a9c17a1900194
    name: amazonka-s3
    version: 1.6.1
    git: https://github.com/brendanhay/amazonka.git
    pantry-tree:
      size: 18431
      sha256: a19d02da301bbcad502e6092d7418a59543747c8bb6f12932bcbc4606f7814ab
    commit: 4e25f15227e556ad9e6ab99eeee6444152125a24
  original:
    subdir: amazonka-s3
    git: https://github.com/brendanhay/amazonka.git
    commit: 4e25f15227e556ad9e6ab99eeee6444152125a24
- completed:
    subdir: core
    cabal-file:
      size: 4957
      sha256: 8ff9614130407588370e12e905f3539a733b76f6d9397ed3522ce54fc154d918
    name: amazonka-core
    version: 1.6.1
    git: https://github.com/brendanhay/amazonka.git
    pantry-tree:
      size: 3484
      sha256: 1e3f9b6daa95462f3b8b9b4a15838b4aa081f3afd2979065a3ff35707052f394
    commit: 4e25f15227e556ad9e6ab99eeee6444152125a24
  original:
    subdir: core
    git: https://github.com/brendanhay/amazonka.git
    commit: 4e25f15227e556ad9e6ab99eeee6444152125a24
snapshots:
- completed:
    size: 523884
    url: https://raw.githubusercontent.com/commercialhaskell/stackage-snapshots/master/lts/14/4.yaml
    sha256: 16f24be248b42c9e16d59db84378836b1e7c239448a041cae46d32daffa45a8b
  original: lts-14.4
